
Microsoft Visual Studio Solution File, Format Version 11.00
# Visual Studio 2010
Project("{FAE04EC0-301F-11D3-BF4B-00C04F79EFBC}") = "PowerShellExecution", "PowerShellExecution\PowerShellExecution.csproj", "{BDCADA7D-E353-4817-98E8-62FA5FD5A679}"
EndProject
Global
	GlobalSection(SolutionConfigurationPlatforms) = preSolution
		Debug|Any CPU = Debug|Any CPU
		Release|Any CPU = Release|Any CPU
	EndGlobalSection
	GlobalSection(ProjectConfigurationPlatforms) = postSolution
		{BDCADA7D-E353-4817-98E8-62FA5FD5A679}.Debug|Any CPU.ActiveCfg = Debug|Any CPU
		{BDCADA7D-E353-4817-98E8-62FA5FD5A679}.Debug|Any CPU.Build.0 = Debug|Any CPU
		{BDCADA7D-E353-4817-98E8-62FA5FD5A679}.Release|Any CPU.ActiveCfg = Release|Any CPU
		{BDCADA7D-E353-4817-98E8-62FA5FD5A679}.Release|Any CPU.Build.0 = Release|Any CPU
	EndGlobalSection
	GlobalSection(SolutionProperties) = preSolution
		HideSolutionNode = FALSE
	EndGlobalSection
EndGlobal
